// !$*UTF8*$!
{
	archiveVersion = 1;
	classes = {
	};
	objectVersion = 56;
	objects = {

/* Begin PBXBuildFile section */
		D17CC5B72BF7E94D0039989A /* Model.swift in Sources */ = {isa = PBXBuildFile; fileRef = D17CC5B62BF7E94D0039989A /* Model.swift */; };
		D185B6B52BF8A93E00FCC389 /* Extension.swift in Sources */ = {isa = PBXBuildFile; fileRef = D185B6B42BF8A93E00FCC389 /* Extension.swift */; };
		D185B6B72BF8F7E900FCC389 /* HistoryOfOperationView.swift in Sources */ = {isa = PBXBuildFile; fileRef = D185B6B62BF8F7E900FCC389 /* HistoryOfOperationView.swift */; };
		D190EEBC2BF7947800A7304C /* calculatorSwiftUIApp.swift in Sources */ = {isa = PBXBuildFile; fileRef = D190EEBB2BF7947800A7304C /* calculatorSwiftUIApp.swift */; };
		D190EEBE2BF7947800A7304C /* ContentView.swift in Sources */ = {isa = PBXBuildFile; fileRef = D190EEBD2BF7947800A7304C /* ContentView.swift */; };
		D190EEC02BF7947A00A7304C /* Assets.xcassets in Resources */ = {isa = PBXBuildFile; fileRef = D190EEBF2BF7947A00A7304C /* Assets.xcassets */; };
		D190EEC32BF7947A00A7304C /* Preview Assets.xcassets in Resources */ = {isa = PBXBuildFile; fileRef = D190EEC22BF7947A00A7304C /* Preview Assets.xcassets */; };
/* End PBXBuildFile section */

/* Begin PBXFileReference section */
		D17CC5B62BF7E94D0039989A /* Model.swift */ = {isa = PBXFileReference; lastKnownFileType = sourcecode.swift; path = Model.swift; sourceTree = "<group>"; };
		D185B6B42BF8A93E00FCC389 /* Extension.swift */ = {isa = PBXFileReference; lastKnownFileType = sourcecode.swift; path = Extension.swift; sourceTree = "<group>"; };
		D185B6B62BF8F7E900FCC389 /* HistoryOfOperationView.swift */ = {isa = PBXFileReference; lastKnownFileType = sourcecode.swift; path = HistoryOfOperationView.swift; sourceTree = "<group>"; };
		D190EEB82BF7947800A7304C /* calculatorSwiftUI.app */ = {isa = PBXFileReference; explicitFileType = wrapper.application; includeInIndex = 0; path = calculatorSwiftUI.app; sourceTree = BUILT_PRODUCTS_DIR; };
		D190EEBB2BF7947800A7304C /* calculatorSwiftUIApp.swift */ = {isa = PBXFileReference; lastKnownFileType = sourcecode.swift; path = calculatorSwiftUIApp.swift; sourceTree = "<group>"; };
		D190EEBD2BF7947800A7304C /* ContentView.swift */ = {isa = PBXFileReference; lastKnownFileType = sourcecode.swift; path = ContentView.swift; sourceTree = "<group>"; };
		D190EEBF2BF7947A00A7304C /* Assets.xcassets */ = {isa = PBXFileReference; lastKnownFileType = folder.assetcatalog; path = Assets.xcassets; sourceTree = "<group>"; };
		D190EEC22BF7947A00A7304C /* Preview Assets.xcassets */ = {isa = PBXFileReference; lastKnownFileType = folder.assetcatalog; path = "Preview Assets.xcassets"; sourceTree = "<group>"; };
/* End PBXFileReference section */

/* Begin PBXFrameworksBuildPhase section */
		D190EEB52BF7947800A7304C /* Frameworks */ = {
			isa = PBXFrameworksBuildPhase;
			buildActionMask = 2147483647;
			files = (
			);
			runOnlyForDeploymentPostprocessing = 0;
		};
/* End PBXFrameworksBuildPhase section */

/* Begin PBXGroup section */
		D17CC5B52BF7E91D0039989A /* Model */ = {
			isa = PBXGroup;
			children = (
				D17CC5B62BF7E94D0039989A /* Model.swift */,
			);
			path = Model;
			sourceTree = "<group>";
		};
		D185B6B32BF8A92200FCC389 /* Extensions */ = {
			isa = PBXGroup;
			children = (
				D185B6B42BF8A93E00FCC389 /* Extension.swift */,
			);
			path = Extensions;
			sourceTree = "<group>";
		};
		D190EEAF2BF7947800A7304C = {
			isa = PBXGroup;
			children = (
				D190EEBA2BF7947800A7304C /* calculatorSwiftUI */,
				D190EEB92BF7947800A7304C /* Products */,
			);
			sourceTree = "<group>";
		};
		D190EEB92BF7947800A7304C /* Products */ = {
			isa = PBXGroup;
			children = (
				D190EEB82BF7947800A7304C /* calculatorSwiftUI.app */,
			);
			name = Products;
			sourceTree = "<group>";
		};
		D190EEBA2BF7947800A7304C /* calculatorSwiftUI */ = {
			isa = PBXGroup;
			children = (
				D190EEBB2BF7947800A7304C /* calculatorSwiftUIApp.swift */,
				D190EEBD2BF7947800A7304C /* ContentView.swift */,
				D185B6B62BF8F7E900FCC389 /* HistoryOfOperationView.swift */,
				D17CC5B52BF7E91D0039989A /* Model */,
				D185B6B32BF8A92200FCC389 /* Extensions */,
				D190EEBF2BF7947A00A7304C /* Assets.xcassets */,
				D190EEC12BF7947A00A7304C /* Preview Content */,
			);
			path = calculatorSwiftUI;
			sourceTree = "<group>";
		};
		D190EEC12BF7947A00A7304C /* Preview Content */ = {
			isa = PBXGroup;
			children = (
				D190EEC22BF7947A00A7304C /* Preview Assets.xcassets */,
			);
			path = "Preview Content";
			sourceTree = "<group>";
		};
/* End PBXGroup section */

/* Begin PBXNativeTarget section */
		D190EEB72BF7947800A7304C /* calculatorSwiftUI */ = {
			isa = PBXNativeTarget;
			buildConfigurationList = D190EEC62BF7947A00A7304C /* Build configuration list for PBXNativeTarget "calculatorSwiftUI" */;
			buildPhases = (
				D190EEB42BF7947800A7304C /* Sources */,
				D190EEB52BF7947800A7304C /* Frameworks */,
				D190EEB62BF7947800A7304C /* Resources */,
			);
			buildRules = (
			);
			dependencies = (
			);
			name = calculatorSwiftUI;
			productName = calculatorSwiftUI;
			productReference = D190EEB82BF7947800A7304C /* calculatorSwiftUI.app */;
			productType = "com.apple.product-type.application";
		};
/* End PBXNativeTarget section */

/* Begin PBXProject section */
		D190EEB02BF7947800A7304C /* Project object */ = {
			isa = PBXProject;
			attributes = {
				BuildIndependentTargetsInParallel = 1;
				LastSwiftUpdateCheck = 1530;
				LastUpgradeCheck = 1530;
				TargetAttributes = {
					D190EEB72BF7947800A7304C = {
						CreatedOnToolsVersion = 15.3;
					};
				};
			};
			buildConfigurationList = D190EEB32BF7947800A7304C /* Build configuration list for PBXProject "calculatorSwiftUI" */;
			compatibilityVersion = "Xcode 14.0";
			developmentRegion = en;
			hasScannedForEncodings = 0;
			knownRegions = (
				en,
				Base,
			);
			mainGroup = D190EEAF2BF7947800A7304C;
			productRefGroup = D190EEB92BF7947800A7304C /* Products */;
			projectDirPath = "";
			projectRoot = "";
			targets = (
				D190EEB72BF7947800A7304C /* calculatorSwiftUI */,
			);
		};
/* End PBXProject section */

/* Begin PBXResourcesBuildPhase section */
		D190EEB62BF7947800A7304C /* Resources */ = {
			isa = PBXResourcesBuildPhase;
			buildActionMask = 2147483647;
			files = (
				D190EEC32BF7947A00A7304C /* Preview Assets.xcassets in Resources */,
				D190EEC02BF7947A00A7304C /* Assets.xcassets in Resources */,
			);
			runOnlyForDeploymentPostprocessing = 0;
		};
/* End PBXResourcesBuildPhase section */

/* Begin PBXSourcesBuildPhase section */
		D190EEB42BF7947800A7304C /* Sources */ = {
			isa = PBXSourcesBuildPhase;
			buildActionMask = 2147483647;
			files = (
				D17CC5B72BF7E94D0039989A /* Model.swift in Sources */,
				D190EEBE2BF7947800A7304C /* ContentView.swift in Sources */,
				D190EEBC2BF7947800A7304C /* calculatorSwiftUIApp.swift in Sources */,
				D185B6B72BF8F7E900FCC389 /* HistoryOfOperationView.swift in Sources */,
				D185B6B52BF8A93E00FCC389 /* Extension.swift in Sources */,
			);
			runOnlyForDeploymentPostprocessing = 0;
		};
/* End PBXSourcesBuildPhase section */

/* Begin XCBuildConfiguration section */
		D190EEC42BF7947A00A7304C /* Debug */ = {
			isa = XCBuildConfiguration;
			buildSettings = {
				ALWAYS_SEARCH_USER_PATHS = NO;
				ASSETCATALOG_COMPILER_GENERATE_SWIFT_ASSET_SYMBOL_EXTENSIONS = YES;
				CLANG_ANALYZER_NONNULL = YES;
				CLANG_ANALYZER_NUMBER_OBJECT_CONVERSION = YES_AGGRESSIVE;
				CLANG_CXX_LANGUAGE_STANDARD = "gnu++20";
				CLANG_ENABLE_MODULES = YES;
				CLANG_ENABLE_OBJC_ARC = YES;
				CLANG_ENABLE_OBJC_WEAK = YES;
				CLANG_WARN_BLOCK_CAPTURE_AUTORELEASING = YES;
				CLANG_WARN_BOOL_CONVERSION = YES;
				CLANG_WARN_COMMA = YES;
				CLANG_WARN_CONSTANT_CONVERSION = YES;
				CLANG_WARN_DEPRECATED_OBJC_IMPLEMENTATIONS = YES;
				CLANG_WARN_DIRECT_OBJC_ISA_USAGE = YES_ERROR;
				CLANG_WARN_DOCUMENTATION_COMMENTS = YES;
				CLANG_WARN_EMPTY_BODY = YES;
				CLANG_WARN_ENUM_CONVERSION = YES;
				CLANG_WARN_INFINITE_RECURSION = YES;
				CLANG_WARN_INT_CONVERSION = YES;
				CLANG_WARN_NON_LITERAL_NULL_CONVERSION = YES;
				CLANG_WARN_OBJC_IMPLICIT_RETAIN_SELF = YES;
				CLANG_WARN_OBJC_LITERAL_CONVERSION = YES;
				CLANG_WARN_OBJC_ROOT_CLASS = YES_ERROR;
				CLANG_WARN_QUOTED_INCLUDE_IN_FRAMEWORK_HEADER = YES;
				CLANG_WARN_RANGE_LOOP_ANALYSIS = YES;
				CLANG_WARN_STRICT_PROTOTYPES = YES;
				CLANG_WARN_SUSPICIOUS_MOVE = YES;
				CLANG_WARN_UNGUARDED_AVAILABILITY = YES_AGGRESSIVE;
				CLANG_WARN_UNREACHABLE_CODE = YES;
				CLANG_WARN__DUPLICATE_METHOD_MATCH = YES;
				COPY_PHASE_STRIP = NO;
				DEBUG_INFORMATION_FORMAT = dwarf;
				ENABLE_STRICT_OBJC_MSGSEND = YES;
				ENABLE_TESTABILITY = YES;
				ENABLE_USER_SCRIPT_SANDBOXING = YES;
				GCC_C_LANGUAGE_STANDARD = gnu17;
				GCC_DYNAMIC_NO_PIC = NO;
				GCC_NO_COMMON_BLOCKS = YES;
				GCC_OPTIMIZATION_LEVEL = 0;
				GCC_PREPROCESSOR_DEFINITIONS = (
					"DEBUG=1",
					"$(inherited)",
				);
				GCC_WARN_64_TO_32_BIT_CONVERSION = YES;
				GCC_WARN_ABOUT_RETURN_TYPE = YES_ERROR;
				GCC_WARN_UNDECLARED_SELECTOR = YES;
				GCC_WARN_UNINITIALIZED_AUTOS = YES_AGGRESSIVE;
				GCC_WARN_UNUSED_FUNCTION = YES;
				GCC_WARN_UNUSED_VARIABLE = YES;
				IPHONEOS_DEPLOYMENT_TARGET = 17.4;
				LOCALIZATION_PREFERS_STRING_CATALOGS = YES;
				MTL_ENABLE_DEBUG_INFO = INCLUDE_SOURCE;
				MTL_FAST_MATH = YES;
				ONLY_ACTIVE_ARCH = YES;
				SDKROOT = iphoneos;
				SWIFT_ACTIVE_COMPILATION_CONDITIONS = "DEBUG $(inherited)";
				SWIFT_OPTIMIZATION_LEVEL = "-Onone";
			};
			name = Debug;
		};
		D190EEC52BF7947A00A7304C /* Release */ = {
			isa = XCBuildConfiguration;
			buildSettings = {
				ALWAYS_SEARCH_USER_PATHS = NO;
				ASSETCATALOG_COMPILER_GENERATE_SWIFT_ASSET_SYMBOL_EXTENSIONS = YES;
				CLANG_ANALYZER_NONNULL = YES;
				CLANG_ANALYZER_NUMBER_OBJECT_CONVERSION = YES_AGGRESSIVE;
				CLANG_CXX_LANGUAGE_STANDARD = "gnu++20";
				CLANG_ENABLE_MODULES = YES;
				CLANG_ENABLE_OBJC_ARC = YES;
				CLANG_ENABLE_OBJC_WEAK = YES;
				CLANG_WARN_BLOCK_CAPTURE_AUTORELEASING = YES;
				CLANG_WARN_BOOL_CONVERSION = YES;
				CLANG_WARN_COMMA = YES;
				CLANG_WARN_CONSTANT_CONVERSION = YES;
				CLANG_WARN_DEPRECATED_OBJC_IMPLEMENTATIONS = YES;
				CLANG_WARN_DIRECT_OBJC_ISA_USAGE = YES_ERROR;
				CLANG_WARN_DOCUMENTATION_COMMENTS = YES;
				CLANG_WARN_EMPTY_BODY = YES;
				CLANG_WARN_ENUM_CONVERSION = YES;
				CLANG_WARN_INFINITE_RECURSION = YES;
				CLANG_WARN_INT_CONVERSION = YES;
				CLANG_WARN_NON_LITERAL_NULL_CONVERSION = YES;
				CLANG_WARN_OBJC_IMPLICIT_RETAIN_SELF = YES;
				CLANG_WARN_OBJC_LITERAL_CONVERSION = YES;
				CLANG_WARN_OBJC_ROOT_CLASS = YES_ERROR;
				CLANG_WARN_QUOTED_INCLUDE_IN_FRAMEWORK_HEADER = YES;
				CLANG_WARN_RANGE_LOOP_ANALYSIS = YES;
				CLANG_WARN_STRICT_PROTOTYPES = YES;
				CLANG_WARN_SUSPICIOUS_MOVE = YES;
				CLANG_WARN_UNGUARDED_AVAILABILITY = YES_AGGRESSIVE;
				CLANG_WARN_UNREACHABLE_CODE = YES;
				CLANG_WARN__DUPLICATE_METHOD_MATCH = YES;
				COPY_PHASE_STRIP = NO;
				DEBUG_INFORMATION_FORMAT = "dwarf-with-dsym";
				ENABLE_NS_ASSERTIONS = NO;
				ENABLE_STRICT_OBJC_MSGSEND = YES;
				ENABLE_USER_SCRIPT_SANDBOXING = YES;
				GCC_C_LANGUAGE_STANDARD = gnu17;
				GCC_NO_COMMON_BLOCKS = YES;
				GCC_WARN_64_TO_32_BIT_CONVERSION = YES;
				GCC_WARN_ABOUT_RETURN_TYPE = YES_ERROR;
				GCC_WARN_UNDECLARED_SELECTOR = YES;
				GCC_WARN_UNINITIALIZED_AUTOS = YES_AGGRESSIVE;
				GCC_WARN_UNUSED_FUNCTION = YES;
				GCC_WARN_UNUSED_VARIABLE = YES;
				IPHONEOS_DEPLOYMENT_TARGET = 17.4;
				LOCALIZATION_PREFERS_STRING_CATALOGS = YES;
				MTL_ENABLE_DEBUG_INFO = NO;
				MTL_FAST_MATH = YES;
				SDKROOT = iphoneos;
				SWIFT_COMPILATION_MODE = wholemodule;
				VALIDATE_PRODUCT = YES;
			};
			name = Release;
		};
		D190EEC72BF7947A00A7304C /* Debug */ = {
			isa = XCBuildConfiguration;
			buildSettings = {
				ASSETCATALOG_COMPILER_APPICON_NAME = AppIcon;
				ASSETCATALOG_COMPILER_GLOBAL_ACCENT_COLOR_NAME = AccentColor;
				CODE_SIGN_STYLE = Automatic;
				CURRENT_PROJECT_VERSION = 1;
				DEVELOPMENT_ASSET_PATHS = "\"calculatorSwiftUI/Preview Content\"";
				DEVELOPMENT_TEAM = Y76A5ZX74W;
				ENABLE_PREVIEWS = YES;
				GENERATE_INFOPLIST_FILE = YES;
				INFOPLIST_KEY_UIApplicationSceneManifest_Generation = YES;
				INFOPLIST_KEY_UIApplicationSupportsIndirectInputEvents = YES;
				INFOPLIST_KEY_UILaunchScreen_Generation = YES;
				INFOPLIST_KEY_UISupportedInterfaceOrientations_iPad = "UIInterfaceOrientationPortrait UIInterfaceOrientationPortraitUpsideDown UIInterfaceOrientationLandscapeLeft UIInterfaceOrientationLandscapeRight";
				INFOPLIST_KEY_UISupportedInterfaceOrientations_iPhone = "UIInterfaceOrientationPortrait UIInterfaceOrientationLandscapeLeft UIInterfaceOrientationLandscapeRight";
				LD_RUNPATH_SEARCH_PATHS = (
					"$(inherited)",
					"@executable_path/Frameworks",
				);
				MARKETING_VERSION = 1.0;
				PRODUCT_BUNDLE_IDENTIFIER = vdnkd.calculatorSwiftUI;
				PRODUCT_NAME = "$(TARGET_NAME)";
				SWIFT_EMIT_LOC_STRINGS = YES;
				SWIFT_VERSION = 5.0;
				TARGETED_DEVICE_FAMILY = "1,2";
			};
			name = Debug;
		};
		D190EEC82BF7947A00A7304C /* Release */ = {
			isa = XCBuildConfiguration;
			buildSettings = {
				ASSETCATALOG_COMPILER_APPICON_NAME = AppIcon;
				ASSETCATALOG_COMPILER_GLOBAL_ACCENT_COLOR_NAME = AccentColor;
				CODE_SIGN_STYLE = Automatic;
				CURRENT_PROJECT_VERSION = 1;
				DEVELOPMENT_ASSET_PATHS = "\"calculatorSwiftUI/Preview Content\"";
				DEVELOPMENT_TEAM = Y76A5ZX74W;
				ENABLE_PREVIEWS = YES;
				GENERATE_INFOPLIST_FILE = YES;
				INFOPLIST_KEY_UIApplicationSceneManifest_Generation = YES;
				INFOPLIST_KEY_UIApplicationSupportsIndirectInputEvents = YES;
				INFOPLIST_KEY_UILaunchScreen_Generation = YES;
				INFOPLIST_KEY_UISupportedInterfaceOrientations_iPad = "UIInterfaceOrientationPortrait UIInterfaceOrientationPortraitUpsideDown UIInterfaceOrientationLandscapeLeft UIInterfaceOrientationLandscapeRight";
				INFOPLIST_KEY_UISupportedInterfaceOrientations_iPhone = "UIInterfaceOrientationPortrait UIInterfaceOrientationLandscapeLeft UIInterfaceOrientationLandscapeRight";
				LD_RUNPATH_SEARCH_PATHS = (
					"$(inherited)",
					"@executable_path/Frameworks",
				);
				MARKETING_VERSION = 1.0;
				PRODUCT_BUNDLE_IDENTIFIER = vdnkd.calculatorSwiftUI;
				PRODUCT_NAME = "$(TARGET_NAME)";
				SWIFT_EMIT_LOC_STRINGS = YES;
				SWIFT_VERSION = 5.0;
				TARGETED_DEVICE_FAMILY = "1,2";
			};
			name = Release;
		};
/* End XCBuildConfiguration section */

/* Begin XCConfigurationList section */
		D190EEB32BF7947800A7304C /* Build configuration list for PBXProject "calculatorSwiftUI" */ = {
			isa = XCConfigurationList;
			buildConfigurations = (
				D190EEC42BF7947A00A7304C /* Debug */,
				D190EEC52BF7947A00A7304C /* Release */,
			);
			defaultConfigurationIsVisible = 0;
			defaultConfigurationName = Release;
		};
		D190EEC62BF7947A00A7304C /* Build configuration list for PBXNativeTarget "calculatorSwiftUI" */ = {
			isa = XCConfigurationList;
			buildConfigurations = (
				D190EEC72BF7947A00A7304C /* Debug */,
				D190EEC82BF7947A00A7304C /* Release */,
			);
			defaultConfigurationIsVisible = 0;
			defaultConfigurationName = Release;
		};
/* End XCConfigurationList section */
	};
	rootObject = D190EEB02BF7947800A7304C /* Project object */;
}
